// !$*UTF8*$!
{
	archiveVersion = 1;
	classes = {
	};
	objectVersion = 51;
	objects = {

/* Begin PBXBuildFile section */
		3D1A1ADA274028FB00B2E1BD /* LinesModel.swift in Sources */ = {isa = PBXBuildFile; fileRef = 3D1A1AD9274028FB00B2E1BD /* LinesModel.swift */; };
		3D1A1ADC27402C3500B2E1BD /* LineManagerViewController.swift in Sources */ = {isa = PBXBuildFile; fileRef = 3D1A1ADB27402C3500B2E1BD /* LineManagerViewController.swift */; };
		FA269CF8271F115800BCF2DE /* TabViewController.swift in Sources */ = {isa = PBXBuildFile; fileRef = FA269CF7271F115800BCF2DE /* TabViewController.swift */; };
		FA269CFC271F1D3C00BCF2DE /* UsersModel.swift in Sources */ = {isa = PBXBuildFile; fileRef = FA269CFB271F1D3C00BCF2DE /* UsersModel.swift */; };
		FA269CFE271F28C800BCF2DE /* AddUserViewController.swift in Sources */ = {isa = PBXBuildFile; fileRef = FA269CFD271F28C800BCF2DE /* AddUserViewController.swift */; };
		FA269D00271F415700BCF2DE /* DeleteUserModel.swift in Sources */ = {isa = PBXBuildFile; fileRef = FA269CFF271F415700BCF2DE /* DeleteUserModel.swift */; };
		FA3095CF2711B49D00ACD26D /* AppDelegate.swift in Sources */ = {isa = PBXBuildFile; fileRef = FA3095CE2711B49D00ACD26D /* AppDelegate.swift */; };
		FA3095D32711B49D00ACD26D /* LoginVC.swift in Sources */ = {isa = PBXBuildFile; fileRef = FA3095D22711B49D00ACD26D /* LoginVC.swift */; };
		FA3095D62711B49D00ACD26D /* Main.storyboard in Resources */ = {isa = PBXBuildFile; fileRef = FA3095D42711B49D00ACD26D /* Main.storyboard */; };
		FA3095D92711B49D00ACD26D /* CMS.xcdatamodeld in Sources */ = {isa = PBXBuildFile; fileRef = FA3095D72711B49D00ACD26D /* CMS.xcdatamodeld */; };
		FA3095DB2711B4A100ACD26D /* Assets.xcassets in Resources */ = {isa = PBXBuildFile; fileRef = FA3095DA2711B4A100ACD26D /* Assets.xcassets */; };
		FA3095DE2711B4A100ACD26D /* LaunchScreen.storyboard in Resources */ = {isa = PBXBuildFile; fileRef = FA3095DC2711B4A100ACD26D /* LaunchScreen.storyboard */; };
		FA3095E92711B4A200ACD26D /* CMSTests.swift in Sources */ = {isa = PBXBuildFile; fileRef = FA3095E82711B4A200ACD26D /* CMSTests.swift */; };
		FA3095F42711B4A200ACD26D /* CMSUITests.swift in Sources */ = {isa = PBXBuildFile; fileRef = FA3095F32711B4A200ACD26D /* CMSUITests.swift */; };
		FA3096052711BCEB00ACD26D /* UIViewExtension.swift in Sources */ = {isa = PBXBuildFile; fileRef = FA3096042711BCEB00ACD26D /* UIViewExtension.swift */; };
		FA3096082711C53B00ACD26D /* BaseViewController.swift in Sources */ = {isa = PBXBuildFile; fileRef = FA3096072711C53B00ACD26D /* BaseViewController.swift */; };
		FA30960A2711CA1B00ACD26D /* DashboardViewController.swift in Sources */ = {isa = PBXBuildFile; fileRef = FA3096092711CA1B00ACD26D /* DashboardViewController.swift */; };
		FA30960C2711CBE900ACD26D /* Podfile in Resources */ = {isa = PBXBuildFile; fileRef = FA30960B2711CBE900ACD26D /* Podfile */; };
		FA3096182711CCC200ACD26D /* APIManager.swift in Sources */ = {isa = PBXBuildFile; fileRef = FA3096132711CCC200ACD26D /* APIManager.swift */; };
		FA7E52512711D4CC005FD5C2 /* UIViewControllerExtension.swift in Sources */ = {isa = PBXBuildFile; fileRef = FA7E52502711D4CC005FD5C2 /* UIViewControllerExtension.swift */; };
		FA7E52542711D5E2005FD5C2 /* Constant.swift in Sources */ = {isa = PBXBuildFile; fileRef = FA7E52532711D5E2005FD5C2 /* Constant.swift */; };
		FA7E52562711D5F2005FD5C2 /* DataHelper.swift in Sources */ = {isa = PBXBuildFile; fileRef = FA7E52552711D5F2005FD5C2 /* DataHelper.swift */; };
		FA7E52592711DBEF005FD5C2 /* loginModel.swift in Sources */ = {isa = PBXBuildFile; fileRef = FA7E52582711DBEF005FD5C2 /* loginModel.swift */; };
		FAA7264F272ED56500B93E10 /* MachineCell.swift in Sources */ = {isa = PBXBuildFile; fileRef = FAA7264E272ED56500B93E10 /* MachineCell.swift */; };
		FAA72651272ED79800B93E10 /* MachineViewController.swift in Sources */ = {isa = PBXBuildFile; fileRef = FAA72650272ED79800B93E10 /* MachineViewController.swift */; };
		FAA72653272EE2A700B93E10 /* MachinesModel.swift in Sources */ = {isa = PBXBuildFile; fileRef = FAA72652272EE2A700B93E10 /* MachinesModel.swift */; };
		FAA72655273353F300B93E10 /* AddMachineViewController.swift in Sources */ = {isa = PBXBuildFile; fileRef = FAA72654273353F300B93E10 /* AddMachineViewController.swift */; };
		FAD03EBC2711D2F500F65826 /* LoadingView.swift in Sources */ = {isa = PBXBuildFile; fileRef = FAD03EBB2711D2F500F65826 /* LoadingView.swift */; };
		FCC2D2C69E7B62262132C26D /* Pods_CMS.framework in Frameworks */ = {isa = PBXBuildFile; fileRef = 90FBD6508918A9A5A8766344 /* Pods_CMS.framework */; };
/* End PBXBuildFile section */

/* Begin PBXContainerItemProxy section */
		FA3095E52711B4A200ACD26D /* PBXContainerItemProxy */ = {
			isa = PBXContainerItemProxy;
			containerPortal = FA3095C32711B49D00ACD26D /* Project object */;
			proxyType = 1;
			remoteGlobalIDString = FA3095CA2711B49D00ACD26D;
			remoteInfo = CMS;
		};
		FA3095F02711B4A200ACD26D /* PBXContainerItemProxy */ = {
			isa = PBXContainerItemProxy;
			containerPortal = FA3095C32711B49D00ACD26D /* Project object */;
			proxyType = 1;
			remoteGlobalIDString = FA3095CA2711B49D00ACD26D;
			remoteInfo = CMS;
		};
/* End PBXContainerItemProxy section */

/* Begin PBXFileReference section */
		38DADB07FD1C6E2C51E1F76B /* Pods-CMS.release.xcconfig */ = {isa = PBXFileReference; includeInIndex = 1; lastKnownFileType = text.xcconfig; name = "Pods-CMS.release.xcconfig"; path = "Target Support Files/Pods-CMS/Pods-CMS.release.xcconfig"; sourceTree = "<group>"; };
		3D1A1AD9274028FB00B2E1BD /* LinesModel.swift */ = {isa = PBXFileReference; lastKnownFileType = sourcecode.swift; path = LinesModel.swift; sourceTree = "<group>"; };
		3D1A1ADB27402C3500B2E1BD /* LineManagerViewController.swift */ = {isa = PBXFileReference; lastKnownFileType = sourcecode.swift; path = LineManagerViewController.swift; sourceTree = "<group>"; };
		90FBD6508918A9A5A8766344 /* Pods_CMS.framework */ = {isa = PBXFileReference; explicitFileType = wrapper.framework; includeInIndex = 0; path = Pods_CMS.framework; sourceTree = BUILT_PRODUCTS_DIR; };
		C50E1EBFAF685CE27C58B344 /* Pods-CMS.debug.xcconfig */ = {isa = PBXFileReference; includeInIndex = 1; lastKnownFileType = text.xcconfig; name = "Pods-CMS.debug.xcconfig"; path = "Target Support Files/Pods-CMS/Pods-CMS.debug.xcconfig"; sourceTree = "<group>"; };
		FA269CF7271F115800BCF2DE /* TabViewController.swift */ = {isa = PBXFileReference; lastKnownFileType = sourcecode.swift; path = TabViewController.swift; sourceTree = "<group>"; };
		FA269CFB271F1D3C00BCF2DE /* UsersModel.swift */ = {isa = PBXFileReference; lastKnownFileType = sourcecode.swift; path = UsersModel.swift; sourceTree = "<group>"; };
		FA269CFD271F28C800BCF2DE /* AddUserViewController.swift */ = {isa = PBXFileReference; lastKnownFileType = sourcecode.swift; path = AddUserViewController.swift; sourceTree = "<group>"; };
		FA269CFF271F415700BCF2DE /* DeleteUserModel.swift */ = {isa = PBXFileReference; lastKnownFileType = sourcecode.swift; path = DeleteUserModel.swift; sourceTree = "<group>"; };
		FA3095CB2711B49D00ACD26D /* CMS.app */ = {isa = PBXFileReference; explicitFileType = wrapper.application; includeInIndex = 0; path = CMS.app; sourceTree = BUILT_PRODUCTS_DIR; };
		FA3095CE2711B49D00ACD26D /* AppDelegate.swift */ = {isa = PBXFileReference; lastKnownFileType = sourcecode.swift; path = AppDelegate.swift; sourceTree = "<group>"; };
		FA3095D22711B49D00ACD26D /* LoginVC.swift */ = {isa = PBXFileReference; lastKnownFileType = sourcecode.swift; path = LoginVC.swift; sourceTree = "<group>"; };
		FA3095D52711B49D00ACD26D /* Base */ = {isa = PBXFileReference; lastKnownFileType = file.storyboard; name = Base; path = Base.lproj/Main.storyboard; sourceTree = "<group>"; };
		FA3095D82711B49D00ACD26D /* CMS.xcdatamodel */ = {isa = PBXFileReference; lastKnownFileType = wrapper.xcdatamodel; path = CMS.xcdatamodel; sourceTree = "<group>"; };
		FA3095DA2711B4A100ACD26D /* Assets.xcassets */ = {isa = PBXFileReference; lastKnownFileType = folder.assetcatalog; path = Assets.xcassets; sourceTree = "<group>"; };
		FA3095DD2711B4A100ACD26D /* Base */ = {isa = PBXFileReference; lastKnownFileType = file.storyboard; name = Base; path = Base.lproj/LaunchScreen.storyboard; sourceTree = "<group>"; };
		FA3095DF2711B4A100ACD26D /* Info.plist */ = {isa = PBXFileReference; lastKnownFileType = text.plist.xml; path = Info.plist; sourceTree = "<group>"; };
		FA3095E42711B4A200ACD26D /* CMSTests.xctest */ = {isa = PBXFileReference; explicitFileType = wrapper.cfbundle; includeInIndex = 0; path = CMSTests.xctest; sourceTree = BUILT_PRODUCTS_DIR; };
		FA3095E82711B4A200ACD26D /* CMSTests.swift */ = {isa = PBXFileReference; lastKnownFileType = sourcecode.swift; path = CMSTests.swift; sourceTree = "<group>"; };
		FA3095EA2711B4A200ACD26D /* Info.plist */ = {isa = PBXFileReference; lastKnownFileType = text.plist.xml; path = Info.plist; sourceTree = "<group>"; };
		FA3095EF2711B4A200ACD26D /* CMSUITests.xctest */ = {isa = PBXFileReference; explicitFileType = wrapper.cfbundle; includeInIndex = 0; path = CMSUITests.xctest; sourceTree = BUILT_PRODUCTS_DIR; };
		FA3095F32711B4A200ACD26D /* CMSUITests.swift */ = {isa = PBXFileReference; lastKnownFileType = sourcecode.swift; path = CMSUITests.swift; sourceTree = "<group>"; };
		FA3095F52711B4A200ACD26D /* Info.plist */ = {isa = PBXFileReference; lastKnownFileType = text.plist.xml; path = Info.plist; sourceTree = "<group>"; };
		FA3096042711BCEB00ACD26D /* UIViewExtension.swift */ = {isa = PBXFileReference; lastKnownFileType = sourcecode.swift; path = UIViewExtension.swift; sourceTree = "<group>"; };
		FA3096072711C53B00ACD26D /* BaseViewController.swift */ = {isa = PBXFileReference; lastKnownFileType = sourcecode.swift; path = BaseViewController.swift; sourceTree = "<group>"; };
		FA3096092711CA1B00ACD26D /* DashboardViewController.swift */ = {isa = PBXFileReference; lastKnownFileType = sourcecode.swift; path = DashboardViewController.swift; sourceTree = "<group>"; };
		FA30960B2711CBE900ACD26D /* Podfile */ = {isa = PBXFileReference; fileEncoding = 4; lastKnownFileType = text; path = Podfile; sourceTree = "<group>"; xcLanguageSpecificationIdentifier = xcode.lang.ruby; };
		FA3096132711CCC200ACD26D /* APIManager.swift */ = {isa = PBXFileReference; fileEncoding = 4; lastKnownFileType = sourcecode.swift; path = APIManager.swift; sourceTree = "<group>"; };
		FA7E52502711D4CC005FD5C2 /* UIViewControllerExtension.swift */ = {isa = PBXFileReference; lastKnownFileType = sourcecode.swift; path = UIViewControllerExtension.swift; sourceTree = "<group>"; };
		FA7E52532711D5E2005FD5C2 /* Constant.swift */ = {isa = PBXFileReference; lastKnownFileType = sourcecode.swift; path = Constant.swift; sourceTree = "<group>"; };
		FA7E52552711D5F2005FD5C2 /* DataHelper.swift */ = {isa = PBXFileReference; lastKnownFileType = sourcecode.swift; path = DataHelper.swift; sourceTree = "<group>"; };
		FA7E52582711DBEF005FD5C2 /* loginModel.swift */ = {isa = PBXFileReference; lastKnownFileType = sourcecode.swift; path = loginModel.swift; sourceTree = "<group>"; };
		FAA7264E272ED56500B93E10 /* MachineCell.swift */ = {isa = PBXFileReference; lastKnownFileType = sourcecode.swift; path = MachineCell.swift; sourceTree = "<group>"; };
		FAA72650272ED79800B93E10 /* MachineViewController.swift */ = {isa = PBXFileReference; lastKnownFileType = sourcecode.swift; path = MachineViewController.swift; sourceTree = "<group>"; };
		FAA72652272EE2A700B93E10 /* MachinesModel.swift */ = {isa = PBXFileReference; lastKnownFileType = sourcecode.swift; path = MachinesModel.swift; sourceTree = "<group>"; };
		FAA72654273353F300B93E10 /* AddMachineViewController.swift */ = {isa = PBXFileReference; lastKnownFileType = sourcecode.swift; path = AddMachineViewController.swift; sourceTree = "<group>"; };
		FAD03EBB2711D2F500F65826 /* LoadingView.swift */ = {isa = PBXFileReference; lastKnownFileType = sourcecode.swift; path = LoadingView.swift; sourceTree = "<group>"; };
/* End PBXFileReference section */

/* Begin PBXFrameworksBuildPhase section */
		FA3095C82711B49D00ACD26D /* Frameworks */ = {
			isa = PBXFrameworksBuildPhase;
			buildActionMask = 2147483647;
			files = (
				FCC2D2C69E7B62262132C26D /* Pods_CMS.framework in Frameworks */,
			);
			runOnlyForDeploymentPostprocessing = 0;
		};
		FA3095E12711B4A200ACD26D /* Frameworks */ = {
			isa = PBXFrameworksBuildPhase;
			buildActionMask = 2147483647;
			files = (
			);
			runOnlyForDeploymentPostprocessing = 0;
		};
		FA3095EC2711B4A200ACD26D /* Frameworks */ = {
			isa = PBXFrameworksBuildPhase;
			buildActionMask = 2147483647;
			files = (
			);
			runOnlyForDeploymentPostprocessing = 0;
		};
/* End PBXFrameworksBuildPhase section */

/* Begin PBXGroup section */
		6A32200215A36A97CDDD1780 /* Frameworks */ = {
			isa = PBXGroup;
			children = (
				90FBD6508918A9A5A8766344 /* Pods_CMS.framework */,
			);
			name = Frameworks;
			sourceTree = "<group>";
		};
		D77E054E94ACAD977A8A58AD /* Pods */ = {
			isa = PBXGroup;
			children = (
				C50E1EBFAF685CE27C58B344 /* Pods-CMS.debug.xcconfig */,
				38DADB07FD1C6E2C51E1F76B /* Pods-CMS.release.xcconfig */,
			);
			path = Pods;
			sourceTree = "<group>";
		};
		FA3095C22711B49D00ACD26D = {
			isa = PBXGroup;
			children = (
				FA30960B2711CBE900ACD26D /* Podfile */,
				FA3095CD2711B49D00ACD26D /* CMS */,
				FA3095E72711B4A200ACD26D /* CMSTests */,
				FA3095F22711B4A200ACD26D /* CMSUITests */,
				FA3095CC2711B49D00ACD26D /* Products */,
				D77E054E94ACAD977A8A58AD /* Pods */,
				6A32200215A36A97CDDD1780 /* Frameworks */,
			);
			sourceTree = "<group>";
		};
		FA3095CC2711B49D00ACD26D /* Products */ = {
			isa = PBXGroup;
			children = (
				FA3095CB2711B49D00ACD26D /* CMS.app */,
				FA3095E42711B4A200ACD26D /* CMSTests.xctest */,
				FA3095EF2711B4A200ACD26D /* CMSUITests.xctest */,
			);
			name = Products;
			sourceTree = "<group>";
		};
		FA3095CD2711B49D00ACD26D /* CMS */ = {
			isa = PBXGroup;
			children = (
				FA7E52572711DBD5005FD5C2 /* Models */,
				FA7E52522711D5B4005FD5C2 /* Utilities */,
				FA30960D2711CCC200ACD26D /* Networking */,
				FA3096032711BCCC00ACD26D /* Extension */,
				FA3096022711BA6F00ACD26D /* StoryBoard */,
				FA3096012711BA1900ACD26D /* ViewController */,
				FA3095CE2711B49D00ACD26D /* AppDelegate.swift */,
				FA3095DA2711B4A100ACD26D /* Assets.xcassets */,
				FA3095DF2711B4A100ACD26D /* Info.plist */,
				FA3095D72711B49D00ACD26D /* CMS.xcdatamodeld */,
			);
			path = CMS;
			sourceTree = "<group>";
		};
		FA3095E72711B4A200ACD26D /* CMSTests */ = {
			isa = PBXGroup;
			children = (
				FA3095E82711B4A200ACD26D /* CMSTests.swift */,
				FA3095EA2711B4A200ACD26D /* Info.plist */,
			);
			path = CMSTests;
			sourceTree = "<group>";
		};
		FA3095F22711B4A200ACD26D /* CMSUITests */ = {
			isa = PBXGroup;
			children = (
				FA3095F32711B4A200ACD26D /* CMSUITests.swift */,
				FA3095F52711B4A200ACD26D /* Info.plist */,
			);
			path = CMSUITests;
			sourceTree = "<group>";
		};
		FA3096012711BA1900ACD26D /* ViewController */ = {
			isa = PBXGroup;
			children = (
				FA3095D22711B49D00ACD26D /* LoginVC.swift */,
				FA3096072711C53B00ACD26D /* BaseViewController.swift */,
				FA3096092711CA1B00ACD26D /* DashboardViewController.swift */,
				FA269CF7271F115800BCF2DE /* TabViewController.swift */,
				FA269CFD271F28C800BCF2DE /* AddUserViewController.swift */,
				FAA7264E272ED56500B93E10 /* MachineCell.swift */,
				FAA72650272ED79800B93E10 /* MachineViewController.swift */,
				FAA72654273353F300B93E10 /* AddMachineViewController.swift */,
				3D1A1ADB27402C3500B2E1BD /* LineManagerViewController.swift */,
			);
			path = ViewController;
			sourceTree = "<group>";
		};
		FA3096022711BA6F00ACD26D /* StoryBoard */ = {
			isa = PBXGroup;
			children = (
				FA3095D42711B49D00ACD26D /* Main.storyboard */,
				FA3095DC2711B4A100ACD26D /* LaunchScreen.storyboard */,
			);
			path = StoryBoard;
			sourceTree = "<group>";
		};
		FA3096032711BCCC00ACD26D /* Extension */ = {
			isa = PBXGroup;
			children = (
				FA3096042711BCEB00ACD26D /* UIViewExtension.swift */,
				FAD03EBB2711D2F500F65826 /* LoadingView.swift */,
				FA7E52502711D4CC005FD5C2 /* UIViewControllerExtension.swift */,
			);
			path = Extension;
			sourceTree = "<group>";
		};
		FA30960D2711CCC200ACD26D /* Networking */ = {
			isa = PBXGroup;
			children = (
				FA3096132711CCC200ACD26D /* APIManager.swift */,
			);
			path = Networking;
			sourceTree = "<group>";
		};
		FA7E52522711D5B4005FD5C2 /* Utilities */ = {
			isa = PBXGroup;
			children = (
				FA7E52532711D5E2005FD5C2 /* Constant.swift */,
				FA7E52552711D5F2005FD5C2 /* DataHelper.swift */,
			);
			path = Utilities;
			sourceTree = "<group>";
		};
		FA7E52572711DBD5005FD5C2 /* Models */ = {
			isa = PBXGroup;
			children = (
				FA7E52582711DBEF005FD5C2 /* loginModel.swift */,
				FA269CFB271F1D3C00BCF2DE /* UsersModel.swift */,
				FA269CFF271F415700BCF2DE /* DeleteUserModel.swift */,
				FAA72652272EE2A700B93E10 /* MachinesModel.swift */,
				3D1A1AD9274028FB00B2E1BD /* LinesModel.swift */,
			);
			path = Models;
			sourceTree = "<group>";
		};
/* End PBXGroup section */

/* Begin PBXNativeTarget section */
		FA3095CA2711B49D00ACD26D /* CMS */ = {
			isa = PBXNativeTarget;
			buildConfigurationList = FA3095F82711B4A200ACD26D /* Build configuration list for PBXNativeTarget "CMS" */;
			buildPhases = (
				0DD19BA64A08DF9392106FE6 /* [CP] Check Pods Manifest.lock */,
				FA3095C72711B49D00ACD26D /* Sources */,
				FA3095C82711B49D00ACD26D /* Frameworks */,
				FA3095C92711B49D00ACD26D /* Resources */,
				43C7027AAB2A55BA2A0C2162 /* [CP] Embed Pods Frameworks */,
			);
			buildRules = (
			);
			dependencies = (
			);
			name = CMS;
			productName = CMS;
			productReference = FA3095CB2711B49D00ACD26D /* CMS.app */;
			productType = "com.apple.product-type.application";
		};
		FA3095E32711B4A200ACD26D /* CMSTests */ = {
			isa = PBXNativeTarget;
			buildConfigurationList = FA3095FB2711B4A200ACD26D /* Build configuration list for PBXNativeTarget "CMSTests" */;
			buildPhases = (
				FA3095E02711B4A200ACD26D /* Sources */,
				FA3095E12711B4A200ACD26D /* Frameworks */,
				FA3095E22711B4A200ACD26D /* Resources */,
			);
			buildRules = (
			);
			dependencies = (
				FA3095E62711B4A200ACD26D /* PBXTargetDependency */,
			);
			name = CMSTests;
			productName = CMSTests;
			productReference = FA3095E42711B4A200ACD26D /* CMSTests.xctest */;
			productType = "com.apple.product-type.bundle.unit-test";
		};
		FA3095EE2711B4A200ACD26D /* CMSUITests */ = {
			isa = PBXNativeTarget;
			buildConfigurationList = FA3095FE2711B4A200ACD26D /* Build configuration list for PBXNativeTarget "CMSUITests" */;
			buildPhases = (
				FA3095EB2711B4A200ACD26D /* Sources */,
				FA3095EC2711B4A200ACD26D /* Frameworks */,
				FA3095ED2711B4A200ACD26D /* Resources */,
			);
			buildRules = (
			);
			dependencies = (
				FA3095F12711B4A200ACD26D /* PBXTargetDependency */,
			);
			name = CMSUITests;
			productName = CMSUITests;
			productReference = FA3095EF2711B4A200ACD26D /* CMSUITests.xctest */;
			productType = "com.apple.product-type.bundle.ui-testing";
		};
/* End PBXNativeTarget section */

/* Begin PBXProject section */
		FA3095C32711B49D00ACD26D /* Project object */ = {
			isa = PBXProject;
			attributes = {
				LastSwiftUpdateCheck = 1250;
				LastUpgradeCheck = 1250;
				TargetAttributes = {
					FA3095CA2711B49D00ACD26D = {
						CreatedOnToolsVersion = 12.5.1;
					};
					FA3095E32711B4A200ACD26D = {
						CreatedOnToolsVersion = 12.5.1;
						TestTargetID = FA3095CA2711B49D00ACD26D;
					};
					FA3095EE2711B4A200ACD26D = {
						CreatedOnToolsVersion = 12.5.1;
						TestTargetID = FA3095CA2711B49D00ACD26D;
					};
				};
			};
			buildConfigurationList = FA3095C62711B49D00ACD26D /* Build configuration list for PBXProject "CMS" */;
			compatibilityVersion = "Xcode 9.3";
			developmentRegion = en;
			hasScannedForEncodings = 0;
			knownRegions = (
				en,
				Base,
			);
			mainGroup = FA3095C22711B49D00ACD26D;
			productRefGroup = FA3095CC2711B49D00ACD26D /* Products */;
			projectDirPath = "";
			projectRoot = "";
			targets = (
				FA3095CA2711B49D00ACD26D /* CMS */,
				FA3095E32711B4A200ACD26D /* CMSTests */,
				FA3095EE2711B4A200ACD26D /* CMSUITests */,
			);
		};
/* End PBXProject section */

/* Begin PBXResourcesBuildPhase section */
		FA3095C92711B49D00ACD26D /* Resources */ = {
			isa = PBXResourcesBuildPhase;
			buildActionMask = 2147483647;
			files = (
				FA3095DE2711B4A100ACD26D /* LaunchScreen.storyboard in Resources */,
				FA3095DB2711B4A100ACD26D /* Assets.xcassets in Resources */,
				FA30960C2711CBE900ACD26D /* Podfile in Resources */,
				FA3095D62711B49D00ACD26D /* Main.storyboard in Resources */,
			);
			runOnlyForDeploymentPostprocessing = 0;
		};
		FA3095E22711B4A200ACD26D /* Resources */ = {
			isa = PBXResourcesBuildPhase;
			buildActionMask = 2147483647;
			files = (
			);
			runOnlyForDeploymentPostprocessing = 0;
		};
		FA3095ED2711B4A200ACD26D /* Resources */ = {
			isa = PBXResourcesBuildPhase;
			buildActionMask = 2147483647;
			files = (
			);
			runOnlyForDeploymentPostprocessing = 0;
		};
/* End PBXResourcesBuildPhase section */

/* Begin PBXShellScriptBuildPhase section */
		0DD19BA64A08DF9392106FE6 /* [CP] Check Pods Manifest.lock */ = {
			isa = PBXShellScriptBuildPhase;
			buildActionMask = 2147483647;
			files = (
			);
			inputFileListPaths = (
			);
			inputPaths = (
				"${PODS_PODFILE_DIR_PATH}/Podfile.lock",
				"${PODS_ROOT}/Manifest.lock",
			);
			name = "[CP] Check Pods Manifest.lock";
			outputFileListPaths = (
			);
			outputPaths = (
				"$(DERIVED_FILE_DIR)/Pods-CMS-checkManifestLockResult.txt",
			);
			runOnlyForDeploymentPostprocessing = 0;
			shellPath = /bin/sh;
			shellScript = "diff \"${PODS_PODFILE_DIR_PATH}/Podfile.lock\" \"${PODS_ROOT}/Manifest.lock\" > /dev/null\nif [ $? != 0 ] ; then\n    # print error to STDERR\n    echo \"error: The sandbox is not in sync with the Podfile.lock. Run 'pod install' or update your CocoaPods installation.\" >&2\n    exit 1\nfi\n# This output is used by Xcode 'outputs' to avoid re-running this script phase.\necho \"SUCCESS\" > \"${SCRIPT_OUTPUT_FILE_0}\"\n";
			showEnvVarsInLog = 0;
		};
		43C7027AAB2A55BA2A0C2162 /* [CP] Embed Pods Frameworks */ = {
			isa = PBXShellScriptBuildPhase;
			buildActionMask = 2147483647;
			files = (
			);
			inputFileListPaths = (
				"${PODS_ROOT}/Target Support Files/Pods-CMS/Pods-CMS-frameworks-${CONFIGURATION}-input-files.xcfilelist",
			);
			name = "[CP] Embed Pods Frameworks";
			outputFileListPaths = (
				"${PODS_ROOT}/Target Support Files/Pods-CMS/Pods-CMS-frameworks-${CONFIGURATION}-output-files.xcfilelist",
			);
			runOnlyForDeploymentPostprocessing = 0;
			shellPath = /bin/sh;
			shellScript = "\"${PODS_ROOT}/Target Support Files/Pods-CMS/Pods-CMS-frameworks.sh\"\n";
			showEnvVarsInLog = 0;
		};
/* End PBXShellScriptBuildPhase section */

/* Begin PBXSourcesBuildPhase section */
		FA3095C72711B49D00ACD26D /* Sources */ = {
			isa = PBXSourcesBuildPhase;
			buildActionMask = 2147483647;
			files = (
				3D1A1ADC27402C3500B2E1BD /* LineManagerViewController.swift in Sources */,
				FAA7264F272ED56500B93E10 /* MachineCell.swift in Sources */,
				3D1A1ADA274028FB00B2E1BD /* LinesModel.swift in Sources */,
				FA3096082711C53B00ACD26D /* BaseViewController.swift in Sources */,
				FA30960A2711CA1B00ACD26D /* DashboardViewController.swift in Sources */,
				FA7E52512711D4CC005FD5C2 /* UIViewControllerExtension.swift in Sources */,
				FA269D00271F415700BCF2DE /* DeleteUserModel.swift in Sources */,
				FA3095D32711B49D00ACD26D /* LoginVC.swift in Sources */,
				FA269CF8271F115800BCF2DE /* TabViewController.swift in Sources */,
				FA3096182711CCC200ACD26D /* APIManager.swift in Sources */,
				FA269CFC271F1D3C00BCF2DE /* UsersModel.swift in Sources */,
				FA7E52592711DBEF005FD5C2 /* loginModel.swift in Sources */,
				FA3095CF2711B49D00ACD26D /* AppDelegate.swift in Sources */,
				FAA72653272EE2A700B93E10 /* MachinesModel.swift in Sources */,
				FAD03EBC2711D2F500F65826 /* LoadingView.swift in Sources */,
				FAA72651272ED79800B93E10 /* MachineViewController.swift in Sources */,
				FAA72655273353F300B93E10 /* AddMachineViewController.swift in Sources */,
				FA269CFE271F28C800BCF2DE /* AddUserViewController.swift in Sources */,
				FA7E52562711D5F2005FD5C2 /* DataHelper.swift in Sources */,
				FA7E52542711D5E2005FD5C2 /* Constant.swift in Sources */,
				FA3096052711BCEB00ACD26D /* UIViewExtension.swift in Sources */,
				FA3095D92711B49D00ACD26D /* CMS.xcdatamodeld in Sources */,
			);
			runOnlyForDeploymentPostprocessing = 0;
		};
		FA3095E02711B4A200ACD26D /* Sources */ = {
			isa = PBXSourcesBuildPhase;
			buildActionMask = 2147483647;
			files = (
				FA3095E92711B4A200ACD26D /* CMSTests.swift in Sources */,
			);
			runOnlyForDeploymentPostprocessing = 0;
		};
		FA3095EB2711B4A200ACD26D /* Sources */ = {
			isa = PBXSourcesBuildPhase;
			buildActionMask = 2147483647;
			files = (
				FA3095F42711B4A200ACD26D /* CMSUITests.swift in Sources */,
			);
			runOnlyForDeploymentPostprocessing = 0;
		};
/* End PBXSourcesBuildPhase section */

/* Begin PBXTargetDependency section */
		FA3095E62711B4A200ACD26D /* PBXTargetDependency */ = {
			isa = PBXTargetDependency;
			target = FA3095CA2711B49D00ACD26D /* CMS */;
			targetProxy = FA3095E52711B4A200ACD26D /* PBXContainerItemProxy */;
		};
		FA3095F12711B4A200ACD26D /* PBXTargetDependency */ = {
			isa = PBXTargetDependency;
			target = FA3095CA2711B49D00ACD26D /* CMS */;
			targetProxy = FA3095F02711B4A200ACD26D /* PBXContainerItemProxy */;
		};
/* End PBXTargetDependency section */

/* Begin PBXVariantGroup section */
		FA3095D42711B49D00ACD26D /* Main.storyboard */ = {
			isa = PBXVariantGroup;
			children = (
				FA3095D52711B49D00ACD26D /* Base */,
			);
			name = Main.storyboard;
			sourceTree = "<group>";
		};
		FA3095DC2711B4A100ACD26D /* LaunchScreen.storyboard */ = {
			isa = PBXVariantGroup;
			children = (
				FA3095DD2711B4A100ACD26D /* Base */,
			);
			name = LaunchScreen.storyboard;
			sourceTree = "<group>";
		};
/* End PBXVariantGroup section */

/* Begin XCBuildConfiguration section */
		FA3095F62711B4A200ACD26D /* Debug */ = {
			isa = XCBuildConfiguration;
			buildSettings = {
				ALWAYS_SEARCH_USER_PATHS = NO;
				CLANG_ANALYZER_NONNULL = YES;
				CLANG_ANALYZER_NUMBER_OBJECT_CONVERSION = YES_AGGRESSIVE;
				CLANG_CXX_LANGUAGE_STANDARD = "gnu++14";
				CLANG_CXX_LIBRARY = "libc++";
				CLANG_ENABLE_MODULES = YES;
				CLANG_ENABLE_OBJC_ARC = YES;
				CLANG_ENABLE_OBJC_WEAK = YES;
				CLANG_WARN_BLOCK_CAPTURE_AUTORELEASING = YES;
				CLANG_WARN_BOOL_CONVERSION = YES;
				CLANG_WARN_COMMA = YES;
				CLANG_WARN_CONSTANT_CONVERSION = YES;
				CLANG_WARN_DEPRECATED_OBJC_IMPLEMENTATIONS = YES;
				CLANG_WARN_DIRECT_OBJC_ISA_USAGE = YES_ERROR;
				CLANG_WARN_DOCUMENTATION_COMMENTS = YES;
				CLANG_WARN_EMPTY_BODY = YES;
				CLANG_WARN_ENUM_CONVERSION = YES;
				CLANG_WARN_INFINITE_RECURSION = YES;
				CLANG_WARN_INT_CONVERSION = YES;
				CLANG_WARN_NON_LITERAL_NULL_CONVERSION = YES;
				CLANG_WARN_OBJC_IMPLICIT_RETAIN_SELF = YES;
				CLANG_WARN_OBJC_LITERAL_CONVERSION = YES;
				CLANG_WARN_OBJC_ROOT_CLASS = YES_ERROR;
				CLANG_WARN_QUOTED_INCLUDE_IN_FRAMEWORK_HEADER = YES;
				CLANG_WARN_RANGE_LOOP_ANALYSIS = YES;
				CLANG_WARN_STRICT_PROTOTYPES = YES;
				CLANG_WARN_SUSPICIOUS_MOVE = YES;
				CLANG_WARN_UNGUARDED_AVAILABILITY = YES_AGGRESSIVE;
				CLANG_WARN_UNREACHABLE_CODE = YES;
				CLANG_WARN__DUPLICATE_METHOD_MATCH = YES;
				COPY_PHASE_STRIP = NO;
				DEBUG_INFORMATION_FORMAT = dwarf;
				ENABLE_STRICT_OBJC_MSGSEND = YES;
				ENABLE_TESTABILITY = YES;
				GCC_C_LANGUAGE_STANDARD = gnu11;
				GCC_DYNAMIC_NO_PIC = NO;
				GCC_NO_COMMON_BLOCKS = YES;
				GCC_OPTIMIZATION_LEVEL = 0;
				GCC_PREPROCESSOR_DEFINITIONS = (
					"DEBUG=1",
					"$(inherited)",
				);
				GCC_WARN_64_TO_32_BIT_CONVERSION = YES;
				GCC_WARN_ABOUT_RETURN_TYPE = YES_ERROR;
				GCC_WARN_UNDECLARED_SELECTOR = YES;
				GCC_WARN_UNINITIALIZED_AUTOS = YES_AGGRESSIVE;
				GCC_WARN_UNUSED_FUNCTION = YES;
				GCC_WARN_UNUSED_VARIABLE = YES;
				IPHONEOS_DEPLOYMENT_TARGET = 14.5;
				MTL_ENABLE_DEBUG_INFO = INCLUDE_SOURCE;
				MTL_FAST_MATH = YES;
				ONLY_ACTIVE_ARCH = YES;
				SDKROOT = iphoneos;
				SWIFT_ACTIVE_COMPILATION_CONDITIONS = DEBUG;
				SWIFT_OPTIMIZATION_LEVEL = "-Onone";
			};
			name = Debug;
		};
		FA3095F72711B4A200ACD26D /* Release */ = {
			isa = XCBuildConfiguration;
			buildSettings = {
				ALWAYS_SEARCH_USER_PATHS = NO;
				CLANG_ANALYZER_NONNULL = YES;
				CLANG_ANALYZER_NUMBER_OBJECT_CONVERSION = YES_AGGRESSIVE;
				CLANG_CXX_LANGUAGE_STANDARD = "gnu++14";
				CLANG_CXX_LIBRARY = "libc++";
				CLANG_ENABLE_MODULES = YES;
				CLANG_ENABLE_OBJC_ARC = YES;
				CLANG_ENABLE_OBJC_WEAK = YES;
				CLANG_WARN_BLOCK_CAPTURE_AUTORELEASING = YES;
				CLANG_WARN_BOOL_CONVERSION = YES;
				CLANG_WARN_COMMA = YES;
				CLANG_WARN_CONSTANT_CONVERSION = YES;
				CLANG_WARN_DEPRECATED_OBJC_IMPLEMENTATIONS = YES;
				CLANG_WARN_DIRECT_OBJC_ISA_USAGE = YES_ERROR;
				CLANG_WARN_DOCUMENTATION_COMMENTS = YES;
				CLANG_WARN_EMPTY_BODY = YES;
				CLANG_WARN_ENUM_CONVERSION = YES;
				CLANG_WARN_INFINITE_RECURSION = YES;
				CLANG_WARN_INT_CONVERSION = YES;
				CLANG_WARN_NON_LITERAL_NULL_CONVERSION = YES;
				CLANG_WARN_OBJC_IMPLICIT_RETAIN_SELF = YES;
				CLANG_WARN_OBJC_LITERAL_CONVERSION = YES;
				CLANG_WARN_OBJC_ROOT_CLASS = YES_ERROR;
				CLANG_WARN_QUOTED_INCLUDE_IN_FRAMEWORK_HEADER = YES;
				CLANG_WARN_RANGE_LOOP_ANALYSIS = YES;
				CLANG_WARN_STRICT_PROTOTYPES = YES;
				CLANG_WARN_SUSPICIOUS_MOVE = YES;
				CLANG_WARN_UNGUARDED_AVAILABILITY = YES_AGGRESSIVE;
				CLANG_WARN_UNREACHABLE_CODE = YES;
				CLANG_WARN__DUPLICATE_METHOD_MATCH = YES;
				COPY_PHASE_STRIP = NO;
				DEBUG_INFORMATION_FORMAT = "dwarf-with-dsym";
				ENABLE_NS_ASSERTIONS = NO;
				ENABLE_STRICT_OBJC_MSGSEND = YES;
				GCC_C_LANGUAGE_STANDARD = gnu11;
				GCC_NO_COMMON_BLOCKS = YES;
				GCC_WARN_64_TO_32_BIT_CONVERSION = YES;
				GCC_WARN_ABOUT_RETURN_TYPE = YES_ERROR;
				GCC_WARN_UNDECLARED_SELECTOR = YES;
				GCC_WARN_UNINITIALIZED_AUTOS = YES_AGGRESSIVE;
				GCC_WARN_UNUSED_FUNCTION = YES;
				GCC_WARN_UNUSED_VARIABLE = YES;
				IPHONEOS_DEPLOYMENT_TARGET = 14.5;
				MTL_ENABLE_DEBUG_INFO = NO;
				MTL_FAST_MATH = YES;
				SDKROOT = iphoneos;
				SWIFT_COMPILATION_MODE = wholemodule;
				SWIFT_OPTIMIZATION_LEVEL = "-O";
				VALIDATE_PRODUCT = YES;
			};
			name = Release;
		};
		FA3095F92711B4A200ACD26D /* Debug */ = {
			isa = XCBuildConfiguration;
			baseConfigurationReference = C50E1EBFAF685CE27C58B344 /* Pods-CMS.debug.xcconfig */;
			buildSettings = {
				ASSETCATALOG_COMPILER_APPICON_NAME = AppIcon;
				ASSETCATALOG_COMPILER_GLOBAL_ACCENT_COLOR_NAME = AccentColor;
				CODE_SIGN_STYLE = Automatic;
				INFOPLIST_FILE = CMS/Info.plist;
				IPHONEOS_DEPLOYMENT_TARGET = 13.0;
				LD_RUNPATH_SEARCH_PATHS = (
					"$(inherited)",
					"@executable_path/Frameworks",
				);
				PRODUCT_BUNDLE_IDENTIFIER = com.esprit.CMS;
				PRODUCT_NAME = "$(TARGET_NAME)";
				SWIFT_VERSION = 5.0;
				TARGETED_DEVICE_FAMILY = "1,2";
			};
			name = Debug;
		};
		FA3095FA2711B4A200ACD26D /* Release */ = {
			isa = XCBuildConfiguration;
			baseConfigurationReference = 38DADB07FD1C6E2C51E1F76B /* Pods-CMS.release.xcconfig */;
			buildSettings = {
				ASSETCATALOG_COMPILER_APPICON_NAME = AppIcon;
				ASSETCATALOG_COMPILER_GLOBAL_ACCENT_COLOR_NAME = AccentColor;
				CODE_SIGN_STYLE = Automatic;
				INFOPLIST_FILE = CMS/Info.plist;
				IPHONEOS_DEPLOYMENT_TARGET = 13.0;
				LD_RUNPATH_SEARCH_PATHS = (
					"$(inherited)",
					"@executable_path/Frameworks",
				);
				PRODUCT_BUNDLE_IDENTIFIER = com.esprit.CMS;
				PRODUCT_NAME = "$(TARGET_NAME)";
				SWIFT_VERSION = 5.0;
				TARGETED_DEVICE_FAMILY = "1,2";
			};
			name = Release;
		};
		FA3095FC2711B4A200ACD26D /* Debug */ = {
			isa = XCBuildConfiguration;
			buildSettings = {
				ALWAYS_EMBED_SWIFT_STANDARD_LIBRARIES = YES;
				BUNDLE_LOADER = "$(TEST_HOST)";
				CODE_SIGN_STYLE = Automatic;
				INFOPLIST_FILE = CMSTests/Info.plist;
				IPHONEOS_DEPLOYMENT_TARGET = 14.5;
				LD_RUNPATH_SEARCH_PATHS = (
					"$(inherited)",
					"@executable_path/Frameworks",
					"@loader_path/Frameworks",
				);
				PRODUCT_BUNDLE_IDENTIFIER = com.esprit.CMSTests;
				PRODUCT_NAME = "$(TARGET_NAME)";
				SWIFT_VERSION = 5.0;
				TARGETED_DEVICE_FAMILY = "1,2";
				TEST_HOST = "$(BUILT_PRODUCTS_DIR)/CMS.app/CMS";
			};
			name = Debug;
		};
		FA3095FD2711B4A200ACD26D /* Release */ = {
			isa = XCBuildConfiguration;
			buildSettings = {
				ALWAYS_EMBED_SWIFT_STANDARD_LIBRARIES = YES;
				BUNDLE_LOADER = "$(TEST_HOST)";
				CODE_SIGN_STYLE = Automatic;
				INFOPLIST_FILE = CMSTests/Info.plist;
				IPHONEOS_DEPLOYMENT_TARGET = 14.5;
				LD_RUNPATH_SEARCH_PATHS = (
					"$(inherited)",
					"@executable_path/Frameworks",
					"@loader_path/Frameworks",
				);
				PRODUCT_BUNDLE_IDENTIFIER = com.esprit.CMSTests;
				PRODUCT_NAME = "$(TARGET_NAME)";
				SWIFT_VERSION = 5.0;
				TARGETED_DEVICE_FAMILY = "1,2";
				TEST_HOST = "$(BUILT_PRODUCTS_DIR)/CMS.app/CMS";
			};
			name = Release;
		};
		FA3095FF2711B4A200ACD26D /* Debug */ = {
			isa = XCBuildConfiguration;
			buildSettings = {
				ALWAYS_EMBED_SWIFT_STANDARD_LIBRARIES = YES;
				CODE_SIGN_STYLE = Automatic;
				INFOPLIST_FILE = CMSUITests/Info.plist;
				LD_RUNPATH_SEARCH_PATHS = (
					"$(inherited)",
					"@executable_path/Frameworks",
					"@loader_path/Frameworks",
				);
				PRODUCT_BUNDLE_IDENTIFIER = com.esprit.CMSUITests;
				PRODUCT_NAME = "$(TARGET_NAME)";
				SWIFT_VERSION = 5.0;
				TARGETED_DEVICE_FAMILY = "1,2";
				TEST_TARGET_NAME = CMS;
			};
			name = Debug;
		};
		FA3096002711B4A200ACD26D /* Release */ = {
			isa = XCBuildConfiguration;
			buildSettings = {
				ALWAYS_EMBED_SWIFT_STANDARD_LIBRARIES = YES;
				CODE_SIGN_STYLE = Automatic;
				INFOPLIST_FILE = CMSUITests/Info.plist;
				LD_RUNPATH_SEARCH_PATHS = (
					"$(inherited)",
					"@executable_path/Frameworks",
					"@loader_path/Frameworks",
				);
				PRODUCT_BUNDLE_IDENTIFIER = com.esprit.CMSUITests;
				PRODUCT_NAME = "$(TARGET_NAME)";
				SWIFT_VERSION = 5.0;
				TARGETED_DEVICE_FAMILY = "1,2";
				TEST_TARGET_NAME = CMS;
			};
			name = Release;
		};
/* End XCBuildConfiguration section */

/* Begin XCConfigurationList section */
		FA3095C62711B49D00ACD26D /* Build configuration list for PBXProject "CMS" */ = {
			isa = XCConfigurationList;
			buildConfigurations = (
				FA3095F62711B4A200ACD26D /* Debug */,
				FA3095F72711B4A200ACD26D /* Release */,
			);
			defaultConfigurationIsVisible = 0;
			defaultConfigurationName = Release;
		};
		FA3095F82711B4A200ACD26D /* Build configuration list for PBXNativeTarget "CMS" */ = {
			isa = XCConfigurationList;
			buildConfigurations = (
				FA3095F92711B4A200ACD26D /* Debug */,
				FA3095FA2711B4A200ACD26D /* Release */,
			);
			defaultConfigurationIsVisible = 0;
			defaultConfigurationName = Release;
		};
		FA3095FB2711B4A200ACD26D /* Build configuration list for PBXNativeTarget "CMSTests" */ = {
			isa = XCConfigurationList;
			buildConfigurations = (
				FA3095FC2711B4A200ACD26D /* Debug */,
				FA3095FD2711B4A200ACD26D /* Release */,
			);
			defaultConfigurationIsVisible = 0;
			defaultConfigurationName = Release;
		};
		FA3095FE2711B4A200ACD26D /* Build configuration list for PBXNativeTarget "CMSUITests" */ = {
			isa = XCConfigurationList;
			buildConfigurations = (
				FA3095FF2711B4A200ACD26D /* Debug */,
				FA3096002711B4A200ACD26D /* Release */,
			);
			defaultConfigurationIsVisible = 0;
			defaultConfigurationName = Release;
		};
/* End XCConfigurationList section */

/* Begin XCVersionGroup section */
		FA3095D72711B49D00ACD26D /* CMS.xcdatamodeld */ = {
			isa = XCVersionGroup;
			children = (
				FA3095D82711B49D00ACD26D /* CMS.xcdatamodel */,
			);
			currentVersion = FA3095D82711B49D00ACD26D /* CMS.xcdatamodel */;
			path = CMS.xcdatamodeld;
			sourceTree = "<group>";
			versionGroupType = wrapper.xcdatamodel;
		};
/* End XCVersionGroup section */
	};
	rootObject = FA3095C32711B49D00ACD26D /* Project object */;
}
